
Microsoft Visual Studio Solution File, Format Version 12.00
# Visual Studio Version 17
VisualStudioVersion = 17.0.31903.59
MinimumVisualStudioVersion = 10.0.40219.1
Project("{2150E333-8FDC-42A3-9474-1A3956D46DE8}") = "src", "src", "{1BF294E6-B694-4556-B148-F25C1C150872}"
EndProject
Project("{2150E333-8FDC-42A3-9474-1A3956D46DE8}") = "tests", "tests", "{013C76A1-4219-42F1-B27A-BF66AA84750B}"
EndProject
Project("{FAE04EC0-301F-11D3-BF4B-00C04F79EFBC}") = "IntegrationTests", "tests\IntegrationTests\IntegrationTests.csproj", "{D8824C63-5AC1-41DC-8970-1110952A163B}"
EndProject
Project("{FAE04EC0-301F-11D3-BF4B-00C04F79EFBC}") = "ArchitectureTests", "tests\ArchitectureTests\ArchitectureTests.csproj", "{2783977E-B2DF-44B7-9BF4-C58422AC1217}"
EndProject
Project("{FAE04EC0-301F-11D3-BF4B-00C04F79EFBC}") = "API", "src\API\API.csproj", "{B7C99502-DF19-4FF6-ABA9-BCBE787E8553}"
EndProject
Project("{2150E333-8FDC-42A3-9474-1A3956D46DE8}") = "modules", "modules", "{3A4AF65C-F3DB-4EC5-9FDD-D4B0962937BD}"
EndProject
Project("{2150E333-8FDC-42A3-9474-1A3956D46DE8}") = "modules.unit.tests", "modules.unit.tests", "{A7EE22EA-502C-4AA7-AC22-BF7D756164DB}"
EndProject
Project("{2150E333-8FDC-42A3-9474-1A3956D46DE8}") = "security", "security", "{56F1FC50-238B-4DA5-995B-3FF0DFEF4046}"
EndProject
Project("{FAE04EC0-301F-11D3-BF4B-00C04F79EFBC}") = "Security.Domain", "src\modules\security\Security.Domain\Security.Domain.csproj", "{675E2D8B-9EB3-4CF3-B0B5-50BAFFD25023}"
EndProject
Project("{FAE04EC0-301F-11D3-BF4B-00C04F79EFBC}") = "Security.Application", "src\modules\security\Security.Application\Security.Application.csproj", "{DA3F67C3-7AF0-406A-B470-E681BA3FA916}"
EndProject
Project("{FAE04EC0-301F-11D3-BF4B-00C04F79EFBC}") = "Security.Infrastructure", "src\modules\security\Security.Infrastructure\Security.Infrastructure.csproj", "{E7D51182-685D-45BF-BFB0-24D1560FE0EE}"
EndProject
Project("{FAE04EC0-301F-11D3-BF4B-00C04F79EFBC}") = "Security.Endpoints", "src\modules\security\Security.Endpoints\Security.Endpoints.csproj", "{21DD53FD-933B-4D2F-8D13-3E8186D87CB6}"
EndProject
Project("{2150E333-8FDC-42A3-9474-1A3956D46DE8}") = "shared", "shared", "{81239AB5-6AE7-46C2-929F-3AB74322DA6F}"
EndProject
Project("{2150E333-8FDC-42A3-9474-1A3956D46DE8}") = "nutrient", "nutrient", "{693C7164-9EF9-45E5-9777-79251F4C56B5}"
EndProject
Project("{2150E333-8FDC-42A3-9474-1A3956D46DE8}") = "food", "food", "{68EF6B40-276B-43B0-BC47-A53880C3E7D8}"
EndProject
Project("{FAE04EC0-301F-11D3-BF4B-00C04F79EFBC}") = "Food.Endpoints", "src\modules\food\Food.Endpoints\Food.Endpoints.csproj", "{97B0EEBC-D5E8-4C09-B6A4-BC3D729A17C2}"
EndProject
Project("{FAE04EC0-301F-11D3-BF4B-00C04F79EFBC}") = "Food.Domain", "src\modules\food\Food.Domain\Food.Domain.csproj", "{8B13C740-5589-4988-A6F7-6A8B7EB3F640}"
EndProject
Project("{FAE04EC0-301F-11D3-BF4B-00C04F79EFBC}") = "Food.Application", "src\modules\food\Food.Application\Food.Application.csproj", "{D05D3592-9986-4A93-852B-A5DEF1201536}"
EndProject
Project("{FAE04EC0-301F-11D3-BF4B-00C04F79EFBC}") = "Food.Infrastructure", "src\modules\food\Food.Infrastructure\Food.Infrastructure.csproj", "{F80D5C61-7E05-4B65-9D12-400E519FF5B0}"
EndProject
Project("{FAE04EC0-301F-11D3-BF4B-00C04F79EFBC}") = "Nutrient.Endpoints", "src\modules\nutrient\Nutrient.Endpoints\Nutrient.Endpoints.csproj", "{B8FB8191-194C-4330-9C4F-068C15FED6EA}"
EndProject
Project("{FAE04EC0-301F-11D3-BF4B-00C04F79EFBC}") = "Nutrient.Domain", "src\modules\nutrient\Nutrient.Domain\Nutrient.Domain.csproj", "{085958D0-4050-4E83-8641-3FB903955E64}"
EndProject
Project("{FAE04EC0-301F-11D3-BF4B-00C04F79EFBC}") = "Nutrient.Application", "src\modules\nutrient\Nutrient.Application\Nutrient.Application.csproj", "{2EC04B70-23CB-4F09-A4DE-F2F8F4B3E57A}"
EndProject
Project("{FAE04EC0-301F-11D3-BF4B-00C04F79EFBC}") = "Nutrient.Infrastructure", "src\modules\nutrient\Nutrient.Infrastructure\Nutrient.Infrastructure.csproj", "{D65B51D2-4E9D-46F7-8F0F-F47C56EC1C0E}"
EndProject
Project("{FAE04EC0-301F-11D3-BF4B-00C04F79EFBC}") = "Food.Unit.Tests", "tests\modules.unit.tests\Food.Unit.Tests\Food.Unit.Tests.csproj", "{5B46CA65-84B5-4FCB-8E42-B3DC464ECE1D}"
EndProject
Project("{FAE04EC0-301F-11D3-BF4B-00C04F79EFBC}") = "Nutrient.Unit.Tests", "tests\modules.unit.tests\Nutrient.Unit.Tests\Nutrient.Unit.Tests.csproj", "{6C4B687D-23AA-4248-A624-C4541E5D644D}"
EndProject
Global
	GlobalSection(SolutionConfigurationPlatforms) = preSolution
		Debug|Any CPU = Debug|Any CPU
		Release|Any CPU = Release|Any CPU
	EndGlobalSection
	GlobalSection(SolutionProperties) = preSolution
		HideSolutionNode = FALSE
	EndGlobalSection
	GlobalSection(NestedProjects) = preSolution
		{D8824C63-5AC1-41DC-8970-1110952A163B} = {013C76A1-4219-42F1-B27A-BF66AA84750B}
		{2783977E-B2DF-44B7-9BF4-C58422AC1217} = {013C76A1-4219-42F1-B27A-BF66AA84750B}
		{B7C99502-DF19-4FF6-ABA9-BCBE787E8553} = {1BF294E6-B694-4556-B148-F25C1C150872}
		{3A4AF65C-F3DB-4EC5-9FDD-D4B0962937BD} = {1BF294E6-B694-4556-B148-F25C1C150872}
		{A7EE22EA-502C-4AA7-AC22-BF7D756164DB} = {013C76A1-4219-42F1-B27A-BF66AA84750B}
		{56F1FC50-238B-4DA5-995B-3FF0DFEF4046} = {3A4AF65C-F3DB-4EC5-9FDD-D4B0962937BD}
		{675E2D8B-9EB3-4CF3-B0B5-50BAFFD25023} = {56F1FC50-238B-4DA5-995B-3FF0DFEF4046}
		{DA3F67C3-7AF0-406A-B470-E681BA3FA916} = {56F1FC50-238B-4DA5-995B-3FF0DFEF4046}
		{E7D51182-685D-45BF-BFB0-24D1560FE0EE} = {56F1FC50-238B-4DA5-995B-3FF0DFEF4046}
		{21DD53FD-933B-4D2F-8D13-3E8186D87CB6} = {56F1FC50-238B-4DA5-995B-3FF0DFEF4046}
		{81239AB5-6AE7-46C2-929F-3AB74322DA6F} = {3A4AF65C-F3DB-4EC5-9FDD-D4B0962937BD}
		{693C7164-9EF9-45E5-9777-79251F4C56B5} = {3A4AF65C-F3DB-4EC5-9FDD-D4B0962937BD}
		{68EF6B40-276B-43B0-BC47-A53880C3E7D8} = {3A4AF65C-F3DB-4EC5-9FDD-D4B0962937BD}
		{97B0EEBC-D5E8-4C09-B6A4-BC3D729A17C2} = {68EF6B40-276B-43B0-BC47-A53880C3E7D8}
		{8B13C740-5589-4988-A6F7-6A8B7EB3F640} = {68EF6B40-276B-43B0-BC47-A53880C3E7D8}
		{D05D3592-9986-4A93-852B-A5DEF1201536} = {68EF6B40-276B-43B0-BC47-A53880C3E7D8}
		{F80D5C61-7E05-4B65-9D12-400E519FF5B0} = {68EF6B40-276B-43B0-BC47-A53880C3E7D8}
		{B8FB8191-194C-4330-9C4F-068C15FED6EA} = {693C7164-9EF9-45E5-9777-79251F4C56B5}
		{085958D0-4050-4E83-8641-3FB903955E64} = {693C7164-9EF9-45E5-9777-79251F4C56B5}
		{2EC04B70-23CB-4F09-A4DE-F2F8F4B3E57A} = {693C7164-9EF9-45E5-9777-79251F4C56B5}
		{D65B51D2-4E9D-46F7-8F0F-F47C56EC1C0E} = {693C7164-9EF9-45E5-9777-79251F4C56B5}
		{5B46CA65-84B5-4FCB-8E42-B3DC464ECE1D} = {A7EE22EA-502C-4AA7-AC22-BF7D756164DB}
		{6C4B687D-23AA-4248-A624-C4541E5D644D} = {A7EE22EA-502C-4AA7-AC22-BF7D756164DB}
	EndGlobalSection
	GlobalSection(ProjectConfigurationPlatforms) = postSolution
		{D8824C63-5AC1-41DC-8970-1110952A163B}.Debug|Any CPU.ActiveCfg = Debug|Any CPU
		{D8824C63-5AC1-41DC-8970-1110952A163B}.Debug|Any CPU.Build.0 = Debug|Any CPU
		{D8824C63-5AC1-41DC-8970-1110952A163B}.Release|Any CPU.ActiveCfg = Release|Any CPU
		{D8824C63-5AC1-41DC-8970-1110952A163B}.Release|Any CPU.Build.0 = Release|Any CPU
		{2783977E-B2DF-44B7-9BF4-C58422AC1217}.Debug|Any CPU.ActiveCfg = Debug|Any CPU
		{2783977E-B2DF-44B7-9BF4-C58422AC1217}.Debug|Any CPU.Build.0 = Debug|Any CPU
		{2783977E-B2DF-44B7-9BF4-C58422AC1217}.Release|Any CPU.ActiveCfg = Release|Any CPU
		{2783977E-B2DF-44B7-9BF4-C58422AC1217}.Release|Any CPU.Build.0 = Release|Any CPU
		{B7C99502-DF19-4FF6-ABA9-BCBE787E8553}.Debug|Any CPU.ActiveCfg = Debug|Any CPU
		{B7C99502-DF19-4FF6-ABA9-BCBE787E8553}.Debug|Any CPU.Build.0 = Debug|Any CPU
		{B7C99502-DF19-4FF6-ABA9-BCBE787E8553}.Release|Any CPU.ActiveCfg = Release|Any CPU
		{B7C99502-DF19-4FF6-ABA9-BCBE787E8553}.Release|Any CPU.Build.0 = Release|Any CPU
		{675E2D8B-9EB3-4CF3-B0B5-50BAFFD25023}.Debug|Any CPU.ActiveCfg = Debug|Any CPU
		{675E2D8B-9EB3-4CF3-B0B5-50BAFFD25023}.Debug|Any CPU.Build.0 = Debug|Any CPU
		{675E2D8B-9EB3-4CF3-B0B5-50BAFFD25023}.Release|Any CPU.ActiveCfg = Release|Any CPU
		{675E2D8B-9EB3-4CF3-B0B5-50BAFFD25023}.Release|Any CPU.Build.0 = Release|Any CPU
		{DA3F67C3-7AF0-406A-B470-E681BA3FA916}.Debug|Any CPU.ActiveCfg = Debug|Any CPU
		{DA3F67C3-7AF0-406A-B470-E681BA3FA916}.Debug|Any CPU.Build.0 = Debug|Any CPU
		{DA3F67C3-7AF0-406A-B470-E681BA3FA916}.Release|Any CPU.ActiveCfg = Release|Any CPU
		{DA3F67C3-7AF0-406A-B470-E681BA3FA916}.Release|Any CPU.Build.0 = Release|Any CPU
		{E7D51182-685D-45BF-BFB0-24D1560FE0EE}.Debug|Any CPU.ActiveCfg = Debug|Any CPU
		{E7D51182-685D-45BF-BFB0-24D1560FE0EE}.Debug|Any CPU.Build.0 = Debug|Any CPU
		{E7D51182-685D-45BF-BFB0-24D1560FE0EE}.Release|Any CPU.ActiveCfg = Release|Any CPU
		{E7D51182-685D-45BF-BFB0-24D1560FE0EE}.Release|Any CPU.Build.0 = Release|Any CPU
		{21DD53FD-933B-4D2F-8D13-3E8186D87CB6}.Debug|Any CPU.ActiveCfg = Debug|Any CPU
		{21DD53FD-933B-4D2F-8D13-3E8186D87CB6}.Debug|Any CPU.Build.0 = Debug|Any CPU
		{21DD53FD-933B-4D2F-8D13-3E8186D87CB6}.Release|Any CPU.ActiveCfg = Release|Any CPU
		{21DD53FD-933B-4D2F-8D13-3E8186D87CB6}.Release|Any CPU.Build.0 = Release|Any CPU
		{97B0EEBC-D5E8-4C09-B6A4-BC3D729A17C2}.Debug|Any CPU.ActiveCfg = Debug|Any CPU
		{97B0EEBC-D5E8-4C09-B6A4-BC3D729A17C2}.Debug|Any CPU.Build.0 = Debug|Any CPU
		{97B0EEBC-D5E8-4C09-B6A4-BC3D729A17C2}.Release|Any CPU.ActiveCfg = Release|Any CPU
		{97B0EEBC-D5E8-4C09-B6A4-BC3D729A17C2}.Release|Any CPU.Build.0 = Release|Any CPU
		{8B13C740-5589-4988-A6F7-6A8B7EB3F640}.Debug|Any CPU.ActiveCfg = Debug|Any CPU
		{8B13C740-5589-4988-A6F7-6A8B7EB3F640}.Debug|Any CPU.Build.0 = Debug|Any CPU
		{8B13C740-5589-4988-A6F7-6A8B7EB3F640}.Release|Any CPU.ActiveCfg = Release|Any CPU
		{8B13C740-5589-4988-A6F7-6A8B7EB3F640}.Release|Any CPU.Build.0 = Release|Any CPU
		{D05D3592-9986-4A93-852B-A5DEF1201536}.Debug|Any CPU.ActiveCfg = Debug|Any CPU
		{D05D3592-9986-4A93-852B-A5DEF1201536}.Debug|Any CPU.Build.0 = Debug|Any CPU
		{D05D3592-9986-4A93-852B-A5DEF1201536}.Release|Any CPU.ActiveCfg = Release|Any CPU
		{D05D3592-9986-4A93-852B-A5DEF1201536}.Release|Any CPU.Build.0 = Release|Any CPU
		{F80D5C61-7E05-4B65-9D12-400E519FF5B0}.Debug|Any CPU.ActiveCfg = Debug|Any CPU
		{F80D5C61-7E05-4B65-9D12-400E519FF5B0}.Debug|Any CPU.Build.0 = Debug|Any CPU
		{F80D5C61-7E05-4B65-9D12-400E519FF5B0}.Release|Any CPU.ActiveCfg = Release|Any CPU
		{F80D5C61-7E05-4B65-9D12-400E519FF5B0}.Release|Any CPU.Build.0 = Release|Any CPU
		{B8FB8191-194C-4330-9C4F-068C15FED6EA}.Debug|Any CPU.ActiveCfg = Debug|Any CPU
		{B8FB8191-194C-4330-9C4F-068C15FED6EA}.Debug|Any CPU.Build.0 = Debug|Any CPU
		{B8FB8191-194C-4330-9C4F-068C15FED6EA}.Release|Any CPU.ActiveCfg = Release|Any CPU
		{B8FB8191-194C-4330-9C4F-068C15FED6EA}.Release|Any CPU.Build.0 = Release|Any CPU
		{085958D0-4050-4E83-8641-3FB903955E64}.Debug|Any CPU.ActiveCfg = Debug|Any CPU
		{085958D0-4050-4E83-8641-3FB903955E64}.Debug|Any CPU.Build.0 = Debug|Any CPU
		{085958D0-4050-4E83-8641-3FB903955E64}.Release|Any CPU.ActiveCfg = Release|Any CPU
		{085958D0-4050-4E83-8641-3FB903955E64}.Release|Any CPU.Build.0 = Release|Any CPU
		{2EC04B70-23CB-4F09-A4DE-F2F8F4B3E57A}.Debug|Any CPU.ActiveCfg = Debug|Any CPU
		{2EC04B70-23CB-4F09-A4DE-F2F8F4B3E57A}.Debug|Any CPU.Build.0 = Debug|Any CPU
		{2EC04B70-23CB-4F09-A4DE-F2F8F4B3E57A}.Release|Any CPU.ActiveCfg = Release|Any CPU
		{2EC04B70-23CB-4F09-A4DE-F2F8F4B3E57A}.Release|Any CPU.Build.0 = Release|Any CPU
		{D65B51D2-4E9D-46F7-8F0F-F47C56EC1C0E}.Debug|Any CPU.ActiveCfg = Debug|Any CPU
		{D65B51D2-4E9D-46F7-8F0F-F47C56EC1C0E}.Debug|Any CPU.Build.0 = Debug|Any CPU
		{D65B51D2-4E9D-46F7-8F0F-F47C56EC1C0E}.Release|Any CPU.ActiveCfg = Release|Any CPU
		{D65B51D2-4E9D-46F7-8F0F-F47C56EC1C0E}.Release|Any CPU.Build.0 = Release|Any CPU
		{5B46CA65-84B5-4FCB-8E42-B3DC464ECE1D}.Debug|Any CPU.ActiveCfg = Debug|Any CPU
		{5B46CA65-84B5-4FCB-8E42-B3DC464ECE1D}.Debug|Any CPU.Build.0 = Debug|Any CPU
		{5B46CA65-84B5-4FCB-8E42-B3DC464ECE1D}.Release|Any CPU.ActiveCfg = Release|Any CPU
		{5B46CA65-84B5-4FCB-8E42-B3DC464ECE1D}.Release|Any CPU.Build.0 = Release|Any CPU
		{6C4B687D-23AA-4248-A624-C4541E5D644D}.Debug|Any CPU.ActiveCfg = Debug|Any CPU
		{6C4B687D-23AA-4248-A624-C4541E5D644D}.Debug|Any CPU.Build.0 = Debug|Any CPU
		{6C4B687D-23AA-4248-A624-C4541E5D644D}.Release|Any CPU.ActiveCfg = Release|Any CPU
		{6C4B687D-23AA-4248-A624-C4541E5D644D}.Release|Any CPU.Build.0 = Release|Any CPU
	EndGlobalSection
EndGlobal
