
Microsoft Visual Studio Solution File, Format Version 12.00
# Visual Studio Version 17
VisualStudioVersion = 17.0.31903.59
MinimumVisualStudioVersion = 10.0.40219.1
Project("{2150E333-8FDC-42A3-9474-1A3956D46DE8}") = "src", "src", "{1BF294E6-B694-4556-B148-F25C1C150872}"
EndProject
Project("{2150E333-8FDC-42A3-9474-1A3956D46DE8}") = "tests", "tests", "{013C76A1-4219-42F1-B27A-BF66AA84750B}"
EndProject
Project("{FAE04EC0-301F-11D3-BF4B-00C04F79EFBC}") = "API", "src\API\API.csproj", "{B7C99502-DF19-4FF6-ABA9-BCBE787E8553}"
EndProject
Project("{2150E333-8FDC-42A3-9474-1A3956D46DE8}") = "modules", "modules", "{3A4AF65C-F3DB-4EC5-9FDD-D4B0962937BD}"
EndProject
Project("{2150E333-8FDC-42A3-9474-1A3956D46DE8}") = "modules.unit.tests", "modules.unit.tests", "{A7EE22EA-502C-4AA7-AC22-BF7D756164DB}"
EndProject
Project("{2150E333-8FDC-42A3-9474-1A3956D46DE8}") = "security", "security", "{56F1FC50-238B-4DA5-995B-3FF0DFEF4046}"
EndProject
Project("{2150E333-8FDC-42A3-9474-1A3956D46DE8}") = "shared", "shared", "{81239AB5-6AE7-46C2-929F-3AB74322DA6F}"
EndProject
Project("{2150E333-8FDC-42A3-9474-1A3956D46DE8}") = "nutrient", "nutrient", "{693C7164-9EF9-45E5-9777-79251F4C56B5}"
EndProject
Project("{2150E333-8FDC-42A3-9474-1A3956D46DE8}") = "food", "food", "{68EF6B40-276B-43B0-BC47-A53880C3E7D8}"
EndProject
Project("{FAE04EC0-301F-11D3-BF4B-00C04F79EFBC}") = "Shared", "src\shared\Shared\Shared.csproj", "{B7FF979B-9107-49D1-807A-D2C01F089F68}"
EndProject
Project("{FAE04EC0-301F-11D3-BF4B-00C04F79EFBC}") = "Food.Module", "src\modules\food\Food.Module\Food.Module.csproj", "{8BFAEAE3-F63D-4C16-8207-B2FD7D5AD845}"
EndProject
Project("{FAE04EC0-301F-11D3-BF4B-00C04F79EFBC}") = "Nutrient.Module", "src\modules\nutrient\Nutrient.Module\Nutrient.Module.csproj", "{2EC29E42-5872-4C62-9872-BDCBD454F62C}"
EndProject
Project("{FAE04EC0-301F-11D3-BF4B-00C04F79EFBC}") = "Security.Module", "src\modules\security\Security.Module\Security.Module.csproj", "{A098D653-8E9D-4E39-9289-A9974AE53302}"
EndProject
Project("{FAE04EC0-301F-11D3-BF4B-00C04F79EFBC}") = "FoodModule.Unit.Tests", "tests\modules.unit.tests\FoodModule.Unit.Tests\FoodModule.Unit.Tests.csproj", "{87310494-DF33-470B-A610-7A61D4271E44}"
EndProject
Project("{FAE04EC0-301F-11D3-BF4B-00C04F79EFBC}") = "Integration.Tests", "tests\Integration.Tests\Integration.Tests.csproj", "{B5F09382-3073-47CD-A079-B618EF1F3775}"
EndProject
Project("{FAE04EC0-301F-11D3-BF4B-00C04F79EFBC}") = "Architecture.Tests", "tests\Architecture.Tests\Architecture.Tests.csproj", "{EB9F538E-A675-4F78-AB58-A6B5D8FF8B0B}"
EndProject
Project("{FAE04EC0-301F-11D3-BF4B-00C04F79EFBC}") = "NutrientModule.Unit.Tests", "tests\modules.unit.tests\NutrientModule.Unit.Tests\NutrientModule.Unit.Tests.csproj", "{C98AEA73-D6AE-407D-83A3-A87A380475C3}"
EndProject
Global
	GlobalSection(SolutionConfigurationPlatforms) = preSolution
		Debug|Any CPU = Debug|Any CPU
		Release|Any CPU = Release|Any CPU
	EndGlobalSection
	GlobalSection(SolutionProperties) = preSolution
		HideSolutionNode = FALSE
	EndGlobalSection
	GlobalSection(NestedProjects) = preSolution
		{B7C99502-DF19-4FF6-ABA9-BCBE787E8553} = {1BF294E6-B694-4556-B148-F25C1C150872}
		{3A4AF65C-F3DB-4EC5-9FDD-D4B0962937BD} = {1BF294E6-B694-4556-B148-F25C1C150872}
		{A7EE22EA-502C-4AA7-AC22-BF7D756164DB} = {013C76A1-4219-42F1-B27A-BF66AA84750B}
		{56F1FC50-238B-4DA5-995B-3FF0DFEF4046} = {3A4AF65C-F3DB-4EC5-9FDD-D4B0962937BD}
		{81239AB5-6AE7-46C2-929F-3AB74322DA6F} = {3A4AF65C-F3DB-4EC5-9FDD-D4B0962937BD}
		{693C7164-9EF9-45E5-9777-79251F4C56B5} = {3A4AF65C-F3DB-4EC5-9FDD-D4B0962937BD}
		{68EF6B40-276B-43B0-BC47-A53880C3E7D8} = {3A4AF65C-F3DB-4EC5-9FDD-D4B0962937BD}
		{B7FF979B-9107-49D1-807A-D2C01F089F68} = {81239AB5-6AE7-46C2-929F-3AB74322DA6F}
		{8BFAEAE3-F63D-4C16-8207-B2FD7D5AD845} = {68EF6B40-276B-43B0-BC47-A53880C3E7D8}
		{2EC29E42-5872-4C62-9872-BDCBD454F62C} = {693C7164-9EF9-45E5-9777-79251F4C56B5}
		{A098D653-8E9D-4E39-9289-A9974AE53302} = {56F1FC50-238B-4DA5-995B-3FF0DFEF4046}
		{87310494-DF33-470B-A610-7A61D4271E44} = {A7EE22EA-502C-4AA7-AC22-BF7D756164DB}
		{B5F09382-3073-47CD-A079-B618EF1F3775} = {013C76A1-4219-42F1-B27A-BF66AA84750B}
		{EB9F538E-A675-4F78-AB58-A6B5D8FF8B0B} = {013C76A1-4219-42F1-B27A-BF66AA84750B}
		{C98AEA73-D6AE-407D-83A3-A87A380475C3} = {A7EE22EA-502C-4AA7-AC22-BF7D756164DB}
	EndGlobalSection
	GlobalSection(ProjectConfigurationPlatforms) = postSolution
		{B7C99502-DF19-4FF6-ABA9-BCBE787E8553}.Debug|Any CPU.ActiveCfg = Debug|Any CPU
		{B7C99502-DF19-4FF6-ABA9-BCBE787E8553}.Debug|Any CPU.Build.0 = Debug|Any CPU
		{B7C99502-DF19-4FF6-ABA9-BCBE787E8553}.Release|Any CPU.ActiveCfg = Release|Any CPU
		{B7C99502-DF19-4FF6-ABA9-BCBE787E8553}.Release|Any CPU.Build.0 = Release|Any CPU
		{B7FF979B-9107-49D1-807A-D2C01F089F68}.Debug|Any CPU.ActiveCfg = Debug|Any CPU
		{B7FF979B-9107-49D1-807A-D2C01F089F68}.Debug|Any CPU.Build.0 = Debug|Any CPU
		{B7FF979B-9107-49D1-807A-D2C01F089F68}.Release|Any CPU.ActiveCfg = Release|Any CPU
		{B7FF979B-9107-49D1-807A-D2C01F089F68}.Release|Any CPU.Build.0 = Release|Any CPU
		{8BFAEAE3-F63D-4C16-8207-B2FD7D5AD845}.Debug|Any CPU.ActiveCfg = Debug|Any CPU
		{8BFAEAE3-F63D-4C16-8207-B2FD7D5AD845}.Debug|Any CPU.Build.0 = Debug|Any CPU
		{8BFAEAE3-F63D-4C16-8207-B2FD7D5AD845}.Release|Any CPU.ActiveCfg = Release|Any CPU
		{8BFAEAE3-F63D-4C16-8207-B2FD7D5AD845}.Release|Any CPU.Build.0 = Release|Any CPU
		{2EC29E42-5872-4C62-9872-BDCBD454F62C}.Debug|Any CPU.ActiveCfg = Debug|Any CPU
		{2EC29E42-5872-4C62-9872-BDCBD454F62C}.Debug|Any CPU.Build.0 = Debug|Any CPU
		{2EC29E42-5872-4C62-9872-BDCBD454F62C}.Release|Any CPU.ActiveCfg = Release|Any CPU
		{2EC29E42-5872-4C62-9872-BDCBD454F62C}.Release|Any CPU.Build.0 = Release|Any CPU
		{A098D653-8E9D-4E39-9289-A9974AE53302}.Debug|Any CPU.ActiveCfg = Debug|Any CPU
		{A098D653-8E9D-4E39-9289-A9974AE53302}.Debug|Any CPU.Build.0 = Debug|Any CPU
		{A098D653-8E9D-4E39-9289-A9974AE53302}.Release|Any CPU.ActiveCfg = Release|Any CPU
		{A098D653-8E9D-4E39-9289-A9974AE53302}.Release|Any CPU.Build.0 = Release|Any CPU
		{87310494-DF33-470B-A610-7A61D4271E44}.Debug|Any CPU.ActiveCfg = Debug|Any CPU
		{87310494-DF33-470B-A610-7A61D4271E44}.Debug|Any CPU.Build.0 = Debug|Any CPU
		{87310494-DF33-470B-A610-7A61D4271E44}.Release|Any CPU.ActiveCfg = Release|Any CPU
		{87310494-DF33-470B-A610-7A61D4271E44}.Release|Any CPU.Build.0 = Release|Any CPU
		{B5F09382-3073-47CD-A079-B618EF1F3775}.Debug|Any CPU.ActiveCfg = Debug|Any CPU
		{B5F09382-3073-47CD-A079-B618EF1F3775}.Debug|Any CPU.Build.0 = Debug|Any CPU
		{B5F09382-3073-47CD-A079-B618EF1F3775}.Release|Any CPU.ActiveCfg = Release|Any CPU
		{B5F09382-3073-47CD-A079-B618EF1F3775}.Release|Any CPU.Build.0 = Release|Any CPU
		{EB9F538E-A675-4F78-AB58-A6B5D8FF8B0B}.Debug|Any CPU.ActiveCfg = Debug|Any CPU
		{EB9F538E-A675-4F78-AB58-A6B5D8FF8B0B}.Debug|Any CPU.Build.0 = Debug|Any CPU
		{EB9F538E-A675-4F78-AB58-A6B5D8FF8B0B}.Release|Any CPU.ActiveCfg = Release|Any CPU
		{EB9F538E-A675-4F78-AB58-A6B5D8FF8B0B}.Release|Any CPU.Build.0 = Release|Any CPU
		{C98AEA73-D6AE-407D-83A3-A87A380475C3}.Debug|Any CPU.ActiveCfg = Debug|Any CPU
		{C98AEA73-D6AE-407D-83A3-A87A380475C3}.Debug|Any CPU.Build.0 = Debug|Any CPU
		{C98AEA73-D6AE-407D-83A3-A87A380475C3}.Release|Any CPU.ActiveCfg = Release|Any CPU
		{C98AEA73-D6AE-407D-83A3-A87A380475C3}.Release|Any CPU.Build.0 = Release|Any CPU
	EndGlobalSection
EndGlobal
